
Microsoft Visual Studio Solution File, Format Version 12.00
# Visual Studio 15
VisualStudioVersion = 15.0.27703.2035
MinimumVisualStudioVersion = 10.0.40219.1
Project("{FAE04EC0-301F-11D3-BF4B-00C04F79EFBC}") = "ScoresComparison", "ScoresComparison\ScoresComparison.csproj", "{7AA70825-0B92-4B43-8C04-3850DC7658F1}"
EndProject
Global
	GlobalSection(SolutionConfigurationPlatforms) = preSolution
		Debug|Any CPU = Debug|Any CPU
		Release|Any CPU = Release|Any CPU
	EndGlobalSection
	GlobalSection(ProjectConfigurationPlatforms) = postSolution
		{7AA70825-0B92-4B43-8C04-3850DC7658F1}.Debug|Any CPU.ActiveCfg = Debug|Any CPU
		{7AA70825-0B92-4B43-8C04-3850DC7658F1}.Debug|Any CPU.Build.0 = Debug|Any CPU
		{7AA70825-0B92-4B43-8C04-3850DC7658F1}.Release|Any CPU.ActiveCfg = Release|Any CPU
		{7AA70825-0B92-4B43-8C04-3850DC7658F1}.Release|Any CPU.Build.0 = Release|Any CPU
	EndGlobalSection
	GlobalSection(SolutionProperties) = preSolution
		HideSolutionNode = FALSE
	EndGlobalSection
	GlobalSection(ExtensibilityGlobals) = postSolution
		SolutionGuid = {20DC4317-463C-4C4A-A866-D97B2F8113A5}
	EndGlobalSection
EndGlobal
